
Microsoft Visual Studio Solution File, Format Version 12.00
# Visual Studio Version 17
VisualStudioVersion = 17.0.31903.59
MinimumVisualStudioVersion = 10.0.40219.1
Project("{FAE04EC0-301F-11D3-BF4B-00C04F79EFBC}") = "Actors", "Actors\Actors.csproj", "{B44043F5-26A5-496B-95BD-ECD408D13081}"
EndProject
Project("{FAE04EC0-301F-11D3-BF4B-00C04F79EFBC}") = "App", "App\App.csproj", "{3167ABBC-9781-4741-AFB3-62BE2A314255}"
EndProject
Project("{FAE04EC0-301F-11D3-BF4B-00C04F79EFBC}") = "Graphs", "Graphs\Graphs.csproj", "{E92B1C67-3F9A-46FF-9A15-C002F080E4AA}"
EndProject
Project("{FAE04EC0-301F-11D3-BF4B-00C04F79EFBC}") = "ActorGraphs", "ActorGraphs\ActorGraphs.csproj", "{2E3BAE28-9CA6-443F-A40C-E15F0E8E86B3}"
EndProject
Global
	GlobalSection(SolutionConfigurationPlatforms) = preSolution
		Debug|Any CPU = Debug|Any CPU
		Debug|x64 = Debug|x64
		Debug|x86 = Debug|x86
		Release|Any CPU = Release|Any CPU
		Release|x64 = Release|x64
		Release|x86 = Release|x86
	EndGlobalSection
	GlobalSection(ProjectConfigurationPlatforms) = postSolution
		{B44043F5-26A5-496B-95BD-ECD408D13081}.Debug|Any CPU.ActiveCfg = Debug|Any CPU
		{B44043F5-26A5-496B-95BD-ECD408D13081}.Debug|Any CPU.Build.0 = Debug|Any CPU
		{B44043F5-26A5-496B-95BD-ECD408D13081}.Debug|x64.ActiveCfg = Debug|Any CPU
		{B44043F5-26A5-496B-95BD-ECD408D13081}.Debug|x64.Build.0 = Debug|Any CPU
		{B44043F5-26A5-496B-95BD-ECD408D13081}.Debug|x86.ActiveCfg = Debug|Any CPU
		{B44043F5-26A5-496B-95BD-ECD408D13081}.Debug|x86.Build.0 = Debug|Any CPU
		{B44043F5-26A5-496B-95BD-ECD408D13081}.Release|Any CPU.ActiveCfg = Release|Any CPU
		{B44043F5-26A5-496B-95BD-ECD408D13081}.Release|Any CPU.Build.0 = Release|Any CPU
		{B44043F5-26A5-496B-95BD-ECD408D13081}.Release|x64.ActiveCfg = Release|Any CPU
		{B44043F5-26A5-496B-95BD-ECD408D13081}.Release|x64.Build.0 = Release|Any CPU
		{B44043F5-26A5-496B-95BD-ECD408D13081}.Release|x86.ActiveCfg = Release|Any CPU
		{B44043F5-26A5-496B-95BD-ECD408D13081}.Release|x86.Build.0 = Release|Any CPU
		{3167ABBC-9781-4741-AFB3-62BE2A314255}.Debug|Any CPU.ActiveCfg = Debug|Any CPU
		{3167ABBC-9781-4741-AFB3-62BE2A314255}.Debug|Any CPU.Build.0 = Debug|Any CPU
		{3167ABBC-9781-4741-AFB3-62BE2A314255}.Debug|x64.ActiveCfg = Debug|Any CPU
		{3167ABBC-9781-4741-AFB3-62BE2A314255}.Debug|x64.Build.0 = Debug|Any CPU
		{3167ABBC-9781-4741-AFB3-62BE2A314255}.Debug|x86.ActiveCfg = Debug|Any CPU
		{3167ABBC-9781-4741-AFB3-62BE2A314255}.Debug|x86.Build.0 = Debug|Any CPU
		{3167ABBC-9781-4741-AFB3-62BE2A314255}.Release|Any CPU.ActiveCfg = Release|Any CPU
		{3167ABBC-9781-4741-AFB3-62BE2A314255}.Release|Any CPU.Build.0 = Release|Any CPU
		{3167ABBC-9781-4741-AFB3-62BE2A314255}.Release|x64.ActiveCfg = Release|Any CPU
		{3167ABBC-9781-4741-AFB3-62BE2A314255}.Release|x64.Build.0 = Release|Any CPU
		{3167ABBC-9781-4741-AFB3-62BE2A314255}.Release|x86.ActiveCfg = Release|Any CPU
		{3167ABBC-9781-4741-AFB3-62BE2A314255}.Release|x86.Build.0 = Release|Any CPU
		{E92B1C67-3F9A-46FF-9A15-C002F080E4AA}.Debug|Any CPU.ActiveCfg = Debug|Any CPU
		{E92B1C67-3F9A-46FF-9A15-C002F080E4AA}.Debug|Any CPU.Build.0 = Debug|Any CPU
		{E92B1C67-3F9A-46FF-9A15-C002F080E4AA}.Debug|x64.ActiveCfg = Debug|Any CPU
		{E92B1C67-3F9A-46FF-9A15-C002F080E4AA}.Debug|x64.Build.0 = Debug|Any CPU
		{E92B1C67-3F9A-46FF-9A15-C002F080E4AA}.Debug|x86.ActiveCfg = Debug|Any CPU
		{E92B1C67-3F9A-46FF-9A15-C002F080E4AA}.Debug|x86.Build.0 = Debug|Any CPU
		{E92B1C67-3F9A-46FF-9A15-C002F080E4AA}.Release|Any CPU.ActiveCfg = Release|Any CPU
		{E92B1C67-3F9A-46FF-9A15-C002F080E4AA}.Release|Any CPU.Build.0 = Release|Any CPU
		{E92B1C67-3F9A-46FF-9A15-C002F080E4AA}.Release|x64.ActiveCfg = Release|Any CPU
		{E92B1C67-3F9A-46FF-9A15-C002F080E4AA}.Release|x64.Build.0 = Release|Any CPU
		{E92B1C67-3F9A-46FF-9A15-C002F080E4AA}.Release|x86.ActiveCfg = Release|Any CPU
		{E92B1C67-3F9A-46FF-9A15-C002F080E4AA}.Release|x86.Build.0 = Release|Any CPU
		{2E3BAE28-9CA6-443F-A40C-E15F0E8E86B3}.Debug|Any CPU.ActiveCfg = Debug|Any CPU
		{2E3BAE28-9CA6-443F-A40C-E15F0E8E86B3}.Debug|Any CPU.Build.0 = Debug|Any CPU
		{2E3BAE28-9CA6-443F-A40C-E15F0E8E86B3}.Debug|x64.ActiveCfg = Debug|Any CPU
		{2E3BAE28-9CA6-443F-A40C-E15F0E8E86B3}.Debug|x64.Build.0 = Debug|Any CPU
		{2E3BAE28-9CA6-443F-A40C-E15F0E8E86B3}.Debug|x86.ActiveCfg = Debug|Any CPU
		{2E3BAE28-9CA6-443F-A40C-E15F0E8E86B3}.Debug|x86.Build.0 = Debug|Any CPU
		{2E3BAE28-9CA6-443F-A40C-E15F0E8E86B3}.Release|Any CPU.ActiveCfg = Release|Any CPU
		{2E3BAE28-9CA6-443F-A40C-E15F0E8E86B3}.Release|Any CPU.Build.0 = Release|Any CPU
		{2E3BAE28-9CA6-443F-A40C-E15F0E8E86B3}.Release|x64.ActiveCfg = Release|Any CPU
		{2E3BAE28-9CA6-443F-A40C-E15F0E8E86B3}.Release|x64.Build.0 = Release|Any CPU
		{2E3BAE28-9CA6-443F-A40C-E15F0E8E86B3}.Release|x86.ActiveCfg = Release|Any CPU
		{2E3BAE28-9CA6-443F-A40C-E15F0E8E86B3}.Release|x86.Build.0 = Release|Any CPU
	EndGlobalSection
	GlobalSection(SolutionProperties) = preSolution
		HideSolutionNode = FALSE
	EndGlobalSection
EndGlobal
